
Microsoft Visual Studio Solution File, Format Version 12.00
# Visual Studio 14
VisualStudioVersion = 14.0.25420.1
MinimumVisualStudioVersion = 10.0.40219.1
Project("{2150E333-8FDC-42A3-9474-1A3956D46DE8}") = "src", "src", "{FCA3EEBA-B4AE-43C4-9A5A-BABBAF448E28}"
EndProject
Project("{2150E333-8FDC-42A3-9474-1A3956D46DE8}") = "Solution Items", "Solution Items", "{B13F4386-F23E-4F97-89A4-815742FF7EBC}"
	ProjectSection(SolutionItems) = preProject
		global.json = global.json
	EndProjectSection
EndProject
Project("{FAE04EC0-301F-11D3-BF4B-00C04F79EFBC}") = "XmlXsdValidatorDotNet452.AngularJs", "XmlXsdValidatorDotNet452.AngularJs\XmlXsdValidatorDotNet452.AngularJs.csproj", "{69143D24-8A21-4FC3-A9C4-B47713A01767}"
EndProject
Global
	GlobalSection(SolutionConfigurationPlatforms) = preSolution
		Debug|Any CPU = Debug|Any CPU
		Release|Any CPU = Release|Any CPU
	EndGlobalSection
	GlobalSection(ProjectConfigurationPlatforms) = postSolution
		{69143D24-8A21-4FC3-A9C4-B47713A01767}.Debug|Any CPU.ActiveCfg = Debug|Any CPU
		{69143D24-8A21-4FC3-A9C4-B47713A01767}.Debug|Any CPU.Build.0 = Debug|Any CPU
		{69143D24-8A21-4FC3-A9C4-B47713A01767}.Release|Any CPU.ActiveCfg = Release|Any CPU
		{69143D24-8A21-4FC3-A9C4-B47713A01767}.Release|Any CPU.Build.0 = Release|Any CPU
	EndGlobalSection
	GlobalSection(SolutionProperties) = preSolution
		HideSolutionNode = FALSE
	EndGlobalSection
	GlobalSection(NestedProjects) = preSolution
		{69143D24-8A21-4FC3-A9C4-B47713A01767} = {FCA3EEBA-B4AE-43C4-9A5A-BABBAF448E28}
	EndGlobalSection
EndGlobal
