
Microsoft Visual Studio Solution File, Format Version 12.00
# Visual Studio 14
VisualStudioVersion = 14.0.25420.1
MinimumVisualStudioVersion = 10.0.40219.1
Project("{2150E333-8FDC-42A3-9474-1A3956D46DE8}") = "src", "src", "{FCA3EEBA-B4AE-43C4-9A5A-BABBAF448E28}"
EndProject
Project("{2150E333-8FDC-42A3-9474-1A3956D46DE8}") = "Solution Items", "Solution Items", "{B13F4386-F23E-4F97-89A4-815742FF7EBC}"
	ProjectSection(SolutionItems) = preProject
		global.json = global.json
	EndProjectSection
EndProject
Project("{8BB2217D-0F2D-49D1-97BC-3654ED321F3B}") = "XmlXsltValidator", "src\XmlXsltValidator\XmlXsltValidator.xproj", "{73E043A8-304C-4828-B161-38FDF7CDA70B}"
EndProject
Global
	GlobalSection(SolutionConfigurationPlatforms) = preSolution
		Debug|Any CPU = Debug|Any CPU
		Release|Any CPU = Release|Any CPU
	EndGlobalSection
	GlobalSection(ProjectConfigurationPlatforms) = postSolution
		{73E043A8-304C-4828-B161-38FDF7CDA70B}.Debug|Any CPU.ActiveCfg = Debug|Any CPU
		{73E043A8-304C-4828-B161-38FDF7CDA70B}.Debug|Any CPU.Build.0 = Debug|Any CPU
		{73E043A8-304C-4828-B161-38FDF7CDA70B}.Release|Any CPU.ActiveCfg = Release|Any CPU
		{73E043A8-304C-4828-B161-38FDF7CDA70B}.Release|Any CPU.Build.0 = Release|Any CPU
	EndGlobalSection
	GlobalSection(SolutionProperties) = preSolution
		HideSolutionNode = FALSE
	EndGlobalSection
	GlobalSection(NestedProjects) = preSolution
		{73E043A8-304C-4828-B161-38FDF7CDA70B} = {FCA3EEBA-B4AE-43C4-9A5A-BABBAF448E28}
	EndGlobalSection
EndGlobal
